
Microsoft Visual Studio Solution File, Format Version 12.00
# Visual Studio Version 16
VisualStudioVersion = 16.0.32106.194
MinimumVisualStudioVersion = 10.0.40219.1
Project("{FAE04EC0-301F-11D3-BF4B-00C04F79EFBC}") = "Demo_rounting_HTTP", "Demo_rounting_HTTP.csproj", "{B572F45B-03FB-40B2-99E0-DD15678E02B8}"
EndProject
Global
	GlobalSection(SolutionConfigurationPlatforms) = preSolution
		Debug|Any CPU = Debug|Any CPU
		Release|Any CPU = Release|Any CPU
	EndGlobalSection
	GlobalSection(ProjectConfigurationPlatforms) = postSolution
		{B572F45B-03FB-40B2-99E0-DD15678E02B8}.Debug|Any CPU.ActiveCfg = Debug|Any CPU
		{B572F45B-03FB-40B2-99E0-DD15678E02B8}.Debug|Any CPU.Build.0 = Debug|Any CPU
		{B572F45B-03FB-40B2-99E0-DD15678E02B8}.Release|Any CPU.ActiveCfg = Release|Any CPU
		{B572F45B-03FB-40B2-99E0-DD15678E02B8}.Release|Any CPU.Build.0 = Release|Any CPU
	EndGlobalSection
	GlobalSection(SolutionProperties) = preSolution
		HideSolutionNode = FALSE
	EndGlobalSection
	GlobalSection(ExtensibilityGlobals) = postSolution
		SolutionGuid = {235DC134-08FD-4AA0-A5CE-681CE97D569E}
	EndGlobalSection
EndGlobal
